
Microsoft Visual Studio Solution File, Format Version 12.00
# Visual Studio Version 17
VisualStudioVersion = 17.10.35122.118
MinimumVisualStudioVersion = 10.0.40219.1
Project("{9A19103F-16F7-4668-BE54-9A1E7A4F7556}") = "EventSourcingPattern.Shared", "EventSourcingPattern.Shared\EventSourcingPattern.Shared.csproj", "{03D63F22-155E-4246-B10D-F65CEFB8D942}"
EndProject
Project("{9A19103F-16F7-4668-BE54-9A1E7A4F7556}") = "EventSourcingPattern.CommandEventsApi", "EventSourcingPattern.CommandEventsApi\EventSourcingPattern.CommandEventsApi.csproj", "{568E73BC-6078-4C47-B76C-A6D2ED848C58}"
EndProject
Project("{9A19103F-16F7-4668-BE54-9A1E7A4F7556}") = "EventSourcingPattern.QueryEventsApi", "EventSourcingPattern.QueryEventsApi\EventSourcingPattern.QueryEventsApi.csproj", "{82960107-A688-4CCA-A65A-D58A4ECE39F2}"
EndProject
Global
	GlobalSection(SolutionConfigurationPlatforms) = preSolution
		Debug|Any CPU = Debug|Any CPU
		Release|Any CPU = Release|Any CPU
	EndGlobalSection
	GlobalSection(ProjectConfigurationPlatforms) = postSolution
		{03D63F22-155E-4246-B10D-F65CEFB8D942}.Debug|Any CPU.ActiveCfg = Debug|Any CPU
		{03D63F22-155E-4246-B10D-F65CEFB8D942}.Debug|Any CPU.Build.0 = Debug|Any CPU
		{03D63F22-155E-4246-B10D-F65CEFB8D942}.Release|Any CPU.ActiveCfg = Release|Any CPU
		{03D63F22-155E-4246-B10D-F65CEFB8D942}.Release|Any CPU.Build.0 = Release|Any CPU
		{568E73BC-6078-4C47-B76C-A6D2ED848C58}.Debug|Any CPU.ActiveCfg = Debug|Any CPU
		{568E73BC-6078-4C47-B76C-A6D2ED848C58}.Debug|Any CPU.Build.0 = Debug|Any CPU
		{568E73BC-6078-4C47-B76C-A6D2ED848C58}.Release|Any CPU.ActiveCfg = Release|Any CPU
		{568E73BC-6078-4C47-B76C-A6D2ED848C58}.Release|Any CPU.Build.0 = Release|Any CPU
		{82960107-A688-4CCA-A65A-D58A4ECE39F2}.Debug|Any CPU.ActiveCfg = Debug|Any CPU
		{82960107-A688-4CCA-A65A-D58A4ECE39F2}.Debug|Any CPU.Build.0 = Debug|Any CPU
		{82960107-A688-4CCA-A65A-D58A4ECE39F2}.Release|Any CPU.ActiveCfg = Release|Any CPU
		{82960107-A688-4CCA-A65A-D58A4ECE39F2}.Release|Any CPU.Build.0 = Release|Any CPU
	EndGlobalSection
	GlobalSection(SolutionProperties) = preSolution
		HideSolutionNode = FALSE
	EndGlobalSection
	GlobalSection(ExtensibilityGlobals) = postSolution
		SolutionGuid = {36CD177B-618D-41D9-B948-ED032AF6B380}
	EndGlobalSection
EndGlobal
